
Microsoft Visual Studio Solution File, Format Version 12.00
# Visual Studio Version 17
VisualStudioVersion = 17.3.32901.215
MinimumVisualStudioVersion = 10.0.40219.1
Project("{FAE04EC0-301F-11D3-BF4B-00C04F79EFBC}") = "Q1_min_max_array", "Q1_min_max_array\Q1_min_max_array.csproj", "{52F79881-9D71-4A27-9C60-22C2B8395078}"
EndProject
Global
	GlobalSection(SolutionConfigurationPlatforms) = preSolution
		Debug|Any CPU = Debug|Any CPU
		Release|Any CPU = Release|Any CPU
	EndGlobalSection
	GlobalSection(ProjectConfigurationPlatforms) = postSolution
		{52F79881-9D71-4A27-9C60-22C2B8395078}.Debug|Any CPU.ActiveCfg = Debug|Any CPU
		{52F79881-9D71-4A27-9C60-22C2B8395078}.Debug|Any CPU.Build.0 = Debug|Any CPU
		{52F79881-9D71-4A27-9C60-22C2B8395078}.Release|Any CPU.ActiveCfg = Release|Any CPU
		{52F79881-9D71-4A27-9C60-22C2B8395078}.Release|Any CPU.Build.0 = Release|Any CPU
	EndGlobalSection
	GlobalSection(SolutionProperties) = preSolution
		HideSolutionNode = FALSE
	EndGlobalSection
	GlobalSection(ExtensibilityGlobals) = postSolution
		SolutionGuid = {21135EFD-6D50-4261-B4DD-96287434CE4A}
	EndGlobalSection
EndGlobal
