
Microsoft Visual Studio Solution File, Format Version 12.00
# Visual Studio Version 17
VisualStudioVersion = 17.3.32901.215
MinimumVisualStudioVersion = 10.0.40219.1
Project("{FAE04EC0-301F-11D3-BF4B-00C04F79EFBC}") = "Q9_EmployeePromotion", "Q9_EmployeePromotion\Q9_EmployeePromotion.csproj", "{828BFB0C-05B9-423F-9C17-10B36CBC2D04}"
EndProject
Global
	GlobalSection(SolutionConfigurationPlatforms) = preSolution
		Debug|Any CPU = Debug|Any CPU
		Release|Any CPU = Release|Any CPU
	EndGlobalSection
	GlobalSection(ProjectConfigurationPlatforms) = postSolution
		{828BFB0C-05B9-423F-9C17-10B36CBC2D04}.Debug|Any CPU.ActiveCfg = Debug|Any CPU
		{828BFB0C-05B9-423F-9C17-10B36CBC2D04}.Debug|Any CPU.Build.0 = Debug|Any CPU
		{828BFB0C-05B9-423F-9C17-10B36CBC2D04}.Release|Any CPU.ActiveCfg = Release|Any CPU
		{828BFB0C-05B9-423F-9C17-10B36CBC2D04}.Release|Any CPU.Build.0 = Release|Any CPU
	EndGlobalSection
	GlobalSection(SolutionProperties) = preSolution
		HideSolutionNode = FALSE
	EndGlobalSection
	GlobalSection(ExtensibilityGlobals) = postSolution
		SolutionGuid = {C053A43D-BA57-4FB5-9A73-0F732090D8FF}
	EndGlobalSection
EndGlobal
