
Microsoft Visual Studio Solution File, Format Version 12.00
# Visual Studio Version 17
VisualStudioVersion = 17.3.32901.215
MinimumVisualStudioVersion = 10.0.40219.1
Project("{FAE04EC0-301F-11D3-BF4B-00C04F79EFBC}") = "Q4_Abstact", "Q4_Abstact\Q4_Abstact.csproj", "{8AAC3E3E-B86C-4EFC-BE90-0BC904F6F25D}"
EndProject
Global
	GlobalSection(SolutionConfigurationPlatforms) = preSolution
		Debug|Any CPU = Debug|Any CPU
		Release|Any CPU = Release|Any CPU
	EndGlobalSection
	GlobalSection(ProjectConfigurationPlatforms) = postSolution
		{8AAC3E3E-B86C-4EFC-BE90-0BC904F6F25D}.Debug|Any CPU.ActiveCfg = Debug|Any CPU
		{8AAC3E3E-B86C-4EFC-BE90-0BC904F6F25D}.Debug|Any CPU.Build.0 = Debug|Any CPU
		{8AAC3E3E-B86C-4EFC-BE90-0BC904F6F25D}.Release|Any CPU.ActiveCfg = Release|Any CPU
		{8AAC3E3E-B86C-4EFC-BE90-0BC904F6F25D}.Release|Any CPU.Build.0 = Release|Any CPU
	EndGlobalSection
	GlobalSection(SolutionProperties) = preSolution
		HideSolutionNode = FALSE
	EndGlobalSection
	GlobalSection(ExtensibilityGlobals) = postSolution
		SolutionGuid = {AFB96C3B-0D4F-494C-AD1C-E71C40EFAEC2}
	EndGlobalSection
EndGlobal
